
Microsoft Visual Studio Solution File, Format Version 12.00
# Visual Studio 15
VisualStudioVersion = 15.0.27004.2006
MinimumVisualStudioVersion = 10.0.40219.1
Project("{9A19103F-16F7-4668-BE54-9A1E7A4F7556}") = "Nightlight", "Nightlight.Library\Nightlight.csproj", "{77131487-9B5B-4A8C-8A37-6C824AD51BB2}"
EndProject
Project("{FAE04EC0-301F-11D3-BF4B-00C04F79EFBC}") = "Nightlight.QAConsole", "Nightlight.QAConsole\Nightlight.QAConsole.csproj", "{D2844249-0ED1-443B-9475-3F77488D82D1}"
EndProject
Project("{FAE04EC0-301F-11D3-BF4B-00C04F79EFBC}") = "Nightlight.Test", "Nightlight.Test\Nightlight.Test.csproj", "{C8B6B3B2-8DDB-4438-8D85-97E14F9CBF1D}"
EndProject
Project("{FAE04EC0-301F-11D3-BF4B-00C04F79EFBC}") = "Nightlight.Droid.QA", "Nightlight.Droid.QA\Nightlight.Droid.QA.csproj", "{27658277-1AC8-4DA6-AFA2-95D078D356DF}"
EndProject
Project("{FAE04EC0-301F-11D3-BF4B-00C04F79EFBC}") = "Nightlight.Droid", "Nightlight.Droid\Nightlight.Droid.csproj", "{BE074376-654D-46C1-9ED8-214C2CAFAAD7}"
EndProject
Global
	GlobalSection(SolutionConfigurationPlatforms) = preSolution
		Debug|Any CPU = Debug|Any CPU
		Release|Any CPU = Release|Any CPU
	EndGlobalSection
	GlobalSection(ProjectConfigurationPlatforms) = postSolution
		{77131487-9B5B-4A8C-8A37-6C824AD51BB2}.Debug|Any CPU.ActiveCfg = Debug|Any CPU
		{77131487-9B5B-4A8C-8A37-6C824AD51BB2}.Debug|Any CPU.Build.0 = Debug|Any CPU
		{77131487-9B5B-4A8C-8A37-6C824AD51BB2}.Release|Any CPU.ActiveCfg = Release|Any CPU
		{77131487-9B5B-4A8C-8A37-6C824AD51BB2}.Release|Any CPU.Build.0 = Release|Any CPU
		{D2844249-0ED1-443B-9475-3F77488D82D1}.Debug|Any CPU.ActiveCfg = Debug|Any CPU
		{D2844249-0ED1-443B-9475-3F77488D82D1}.Debug|Any CPU.Build.0 = Debug|Any CPU
		{D2844249-0ED1-443B-9475-3F77488D82D1}.Release|Any CPU.ActiveCfg = Release|Any CPU
		{D2844249-0ED1-443B-9475-3F77488D82D1}.Release|Any CPU.Build.0 = Release|Any CPU
		{C8B6B3B2-8DDB-4438-8D85-97E14F9CBF1D}.Debug|Any CPU.ActiveCfg = Debug|Any CPU
		{C8B6B3B2-8DDB-4438-8D85-97E14F9CBF1D}.Debug|Any CPU.Build.0 = Debug|Any CPU
		{C8B6B3B2-8DDB-4438-8D85-97E14F9CBF1D}.Release|Any CPU.ActiveCfg = Release|Any CPU
		{C8B6B3B2-8DDB-4438-8D85-97E14F9CBF1D}.Release|Any CPU.Build.0 = Release|Any CPU
		{27658277-1AC8-4DA6-AFA2-95D078D356DF}.Debug|Any CPU.ActiveCfg = Debug|Any CPU
		{27658277-1AC8-4DA6-AFA2-95D078D356DF}.Debug|Any CPU.Build.0 = Debug|Any CPU
		{27658277-1AC8-4DA6-AFA2-95D078D356DF}.Debug|Any CPU.Deploy.0 = Debug|Any CPU
		{27658277-1AC8-4DA6-AFA2-95D078D356DF}.Release|Any CPU.ActiveCfg = Release|Any CPU
		{27658277-1AC8-4DA6-AFA2-95D078D356DF}.Release|Any CPU.Build.0 = Release|Any CPU
		{27658277-1AC8-4DA6-AFA2-95D078D356DF}.Release|Any CPU.Deploy.0 = Release|Any CPU
		{BE074376-654D-46C1-9ED8-214C2CAFAAD7}.Debug|Any CPU.ActiveCfg = Debug|Any CPU
		{BE074376-654D-46C1-9ED8-214C2CAFAAD7}.Debug|Any CPU.Build.0 = Debug|Any CPU
		{BE074376-654D-46C1-9ED8-214C2CAFAAD7}.Release|Any CPU.ActiveCfg = Release|Any CPU
		{BE074376-654D-46C1-9ED8-214C2CAFAAD7}.Release|Any CPU.Build.0 = Release|Any CPU
	EndGlobalSection
	GlobalSection(SolutionProperties) = preSolution
		HideSolutionNode = FALSE
	EndGlobalSection
	GlobalSection(ExtensibilityGlobals) = postSolution
		SolutionGuid = {BD2B04C7-7196-4A4A-9936-BD5528BD9F8E}
	EndGlobalSection
EndGlobal
